<?xml version="1.0" encoding="utf-8"?>
<Project ToolsVersion="4.0" xmlns="http://schemas.microsoft.com/developer/msbuild/2003">
  <ItemGroup>
    <Filter Include="Source Files">
      <UniqueIdentifier>{cbe21d7f-d9b7-455f-9082-db37ba0aaa37}</UniqueIdentifier>
      <Extensions>cpp;c;cxx;rc;def;r;odl;idl;hpj;bat</Extensions>
    </Filter>
    <Filter Include="Header Files">
      <UniqueIdentifier>{3117a8bc-983f-4806-937c-33948f3e61b2}</UniqueIdentifier>
      <Extensions>h;hpp;hxx;hm;inl</Extensions>
    </Filter>
    <Filter Include="Resource Files">
      <UniqueIdentifier>{8d388676-6294-41fe-ac7e-849bf7269531}</UniqueIdentifier>
      <Extensions>ico;cur;bmp;dlg;rc2;rct;bin;rgs;gif;jpg;jpeg;jpe</Extensions>
    </Filter>
    <Filter Include="Header Files\math">
      <UniqueIdentifier>{1895fa6d-b335-426f-9d0b-4b029827c9f3}</UniqueIdentifier>
    </Filter>
    <Filter Include="Header Files\misc">
      <UniqueIdentifier>{b741c99d-5065-4745-9150-93fae071b103}</UniqueIdentifier>
    </Filter>
    <Filter Include="Header Files\parameter">
      <UniqueIdentifier>{4eab4dec-b238-4bbc-9460-1e5da52372ae}</UniqueIdentifier>
    </Filter>
  </ItemGroup>
  <ItemGroup>
    <ClCompile Include="StdAfx.cpp">
      <Filter>Source Files</Filter>
    </ClCompile>
    <ClCompile Include="main.cpp">
      <Filter>Source Files</Filter>
    </ClCompile>
  </ItemGroup>
  <ItemGroup>
    <ClInclude Include="StdAfx.h">
      <Filter>Header Files\misc</Filter>
    </ClInclude>
    <ClInclude Include="Source\texture.h">
      <Filter>Header Files</Filter>
    </ClInclude>
    <ClInclude Include="Source\shader.h">
      <Filter>Header Files</Filter>
    </ClInclude>
    <ClInclude Include="Source\model.h">
      <Filter>Header Files</Filter>
    </ClInclude>
    <ClInclude Include="Source\helper.h">
      <Filter>Header Files</Filter>
    </ClInclude>
    <ClInclude Include="Source\file.h">
      <Filter>Header Files</Filter>
    </ClInclude>
    <ClInclude Include="Source\camera.h">
      <Filter>Header Files</Filter>
    </ClInclude>
    <ClInclude Include="Source\math\matrix.h">
      <Filter>Header Files</Filter>
    </ClInclude>
    <ClInclude Include="Source\math\operation.h">
      <Filter>Header Files</Filter>
    </ClInclude>
    <ClInclude Include="Source\math\projection.h">
      <Filter>Header Files</Filter>
    </ClInclude>
    <ClInclude Include="Source\math\vec3.h">
      <Filter>Header Files</Filter>
    </ClInclude>
    <ClInclude Include="Source\parameter\parameter.h">
      <Filter>Header Files</Filter>
    </ClInclude>
    <ClInclude Include="head\gl\gl.h">
      <Filter>Header Files</Filter>
    </ClInclude>
    <ClInclude Include="head\gl\glaux.h">
      <Filter>Header Files</Filter>
    </ClInclude>
    <ClInclude Include="head\gl\glew.h">
      <Filter>Header Files</Filter>
    </ClInclude>
    <ClInclude Include="Head\GL\GLEXT.H">
      <Filter>Header Files</Filter>
    </ClInclude>
    <ClInclude Include="head\gl\glu.h">
      <Filter>Header Files</Filter>
    </ClInclude>
    <ClInclude Include="head\gl\glut.h">
      <Filter>Header Files</Filter>
    </ClInclude>
    <ClInclude Include="Head\GL\glxew.h">
      <Filter>Header Files</Filter>
    </ClInclude>
    <ClInclude Include="Head\GL\wglew.h">
      <Filter>Header Files</Filter>
    </ClInclude>
    <ClInclude Include="Head\GL\WGLEXT.H">
      <Filter>Header Files</Filter>
    </ClInclude>
    <ClInclude Include="head\math\matrix.h">
      <Filter>Header Files</Filter>
    </ClInclude>
    <ClInclude Include="head\math\operation.h">
      <Filter>Header Files</Filter>
    </ClInclude>
    <ClInclude Include="head\math\projection.h">
      <Filter>Header Files</Filter>
    </ClInclude>
    <ClInclude Include="head\math\vec3.h">
      <Filter>Header Files</Filter>
    </ClInclude>
    <ClInclude Include="head\parameter\parameter.h">
      <Filter>Header Files</Filter>
    </ClInclude>
    <ClInclude Include="head\camera.h">
      <Filter>Header Files</Filter>
    </ClInclude>
    <ClInclude Include="head\model.h">
      <Filter>Header Files</Filter>
    </ClInclude>
    <ClInclude Include="Head\head.h">
      <Filter>Header Files</Filter>
    </ClInclude>
    <ClInclude Include="Head\headcpp.h">
      <Filter>Header Files</Filter>
    </ClInclude>
  </ItemGroup>
  <ItemGroup>
    <CustomBuild Include="ReadMe.txt" />
  </ItemGroup>
  <ItemGroup>
    <None Include="Source\GL\glew32d.dll" />
    <None Include="Head\GL\glut.def">
      <Filter>Source Files</Filter>
    </None>
  </ItemGroup>
</Project>